
Microsoft Visual Studio Solution File, Format Version 12.00
# Visual Studio Version 18
VisualStudioVersion = 18.3.11312.210
MinimumVisualStudioVersion = 10.0.40219.1
Project("{2150E333-8FDC-42A3-9474-1A3956D46DE8}") = "src", "src", "{827E0CD3-B72D-47B6-A68D-7590B98EB39B}"
EndProject
Project("{FAE04EC0-301F-11D3-BF4B-00C04F79EFBC}") = "KitStack.Abstractions", "src\KitStack.Abstractions\KitStack.Abstractions.csproj", "{3BC27817-C861-4784-ACC2-7C855769C020}"
EndProject
Project("{FAE04EC0-301F-11D3-BF4B-00C04F79EFBC}") = "KitStack.Storage.Local", "src\KitStack.Storage.Local\KitStack.Storage.Local.csproj", "{19C53DD9-4A87-452E-9FB0-60E56977ED76}"
EndProject
Project("{2150E333-8FDC-42A3-9474-1A3956D46DE8}") = "Solution Items", "Solution Items", "{7CB70183-3659-4F45-ACDC-EF75243D3EAB}"
	ProjectSection(SolutionItems) = preProject
		.editorconfig = .editorconfig
		.gitignore = .gitignore
		Directory.Build.props = Directory.Build.props
		Directory.Packages.props = Directory.Packages.props
		LICENSE = LICENSE
		.github\workflows\publish-nuget.yml = .github\workflows\publish-nuget.yml
		README.md = README.md
	EndProjectSection
EndProject
Global
	GlobalSection(SolutionConfigurationPlatforms) = preSolution
		Debug|Any CPU = Debug|Any CPU
		Debug|x64 = Debug|x64
		Debug|x86 = Debug|x86
		Release|Any CPU = Release|Any CPU
		Release|x64 = Release|x64
		Release|x86 = Release|x86
	EndGlobalSection
	GlobalSection(ProjectConfigurationPlatforms) = postSolution
		{3BC27817-C861-4784-ACC2-7C855769C020}.Debug|Any CPU.ActiveCfg = Debug|Any CPU
		{3BC27817-C861-4784-ACC2-7C855769C020}.Debug|Any CPU.Build.0 = Debug|Any CPU
		{3BC27817-C861-4784-ACC2-7C855769C020}.Debug|x64.ActiveCfg = Debug|Any CPU
		{3BC27817-C861-4784-ACC2-7C855769C020}.Debug|x64.Build.0 = Debug|Any CPU
		{3BC27817-C861-4784-ACC2-7C855769C020}.Debug|x86.ActiveCfg = Debug|Any CPU
		{3BC27817-C861-4784-ACC2-7C855769C020}.Debug|x86.Build.0 = Debug|Any CPU
		{3BC27817-C861-4784-ACC2-7C855769C020}.Release|Any CPU.ActiveCfg = Release|Any CPU
		{3BC27817-C861-4784-ACC2-7C855769C020}.Release|Any CPU.Build.0 = Release|Any CPU
		{3BC27817-C861-4784-ACC2-7C855769C020}.Release|x64.ActiveCfg = Release|Any CPU
		{3BC27817-C861-4784-ACC2-7C855769C020}.Release|x64.Build.0 = Release|Any CPU
		{3BC27817-C861-4784-ACC2-7C855769C020}.Release|x86.ActiveCfg = Release|Any CPU
		{3BC27817-C861-4784-ACC2-7C855769C020}.Release|x86.Build.0 = Release|Any CPU
		{19C53DD9-4A87-452E-9FB0-60E56977ED76}.Debug|Any CPU.ActiveCfg = Debug|Any CPU
		{19C53DD9-4A87-452E-9FB0-60E56977ED76}.Debug|Any CPU.Build.0 = Debug|Any CPU
		{19C53DD9-4A87-452E-9FB0-60E56977ED76}.Debug|x64.ActiveCfg = Debug|Any CPU
		{19C53DD9-4A87-452E-9FB0-60E56977ED76}.Debug|x64.Build.0 = Debug|Any CPU
		{19C53DD9-4A87-452E-9FB0-60E56977ED76}.Debug|x86.ActiveCfg = Debug|Any CPU
		{19C53DD9-4A87-452E-9FB0-60E56977ED76}.Debug|x86.Build.0 = Debug|Any CPU
		{19C53DD9-4A87-452E-9FB0-60E56977ED76}.Release|Any CPU.ActiveCfg = Release|Any CPU
		{19C53DD9-4A87-452E-9FB0-60E56977ED76}.Release|Any CPU.Build.0 = Release|Any CPU
		{19C53DD9-4A87-452E-9FB0-60E56977ED76}.Release|x64.ActiveCfg = Release|Any CPU
		{19C53DD9-4A87-452E-9FB0-60E56977ED76}.Release|x64.Build.0 = Release|Any CPU
		{19C53DD9-4A87-452E-9FB0-60E56977ED76}.Release|x86.ActiveCfg = Release|Any CPU
		{19C53DD9-4A87-452E-9FB0-60E56977ED76}.Release|x86.Build.0 = Release|Any CPU
	EndGlobalSection
	GlobalSection(SolutionProperties) = preSolution
		HideSolutionNode = FALSE
	EndGlobalSection
	GlobalSection(NestedProjects) = preSolution
		{3BC27817-C861-4784-ACC2-7C855769C020} = {827E0CD3-B72D-47B6-A68D-7590B98EB39B}
		{19C53DD9-4A87-452E-9FB0-60E56977ED76} = {827E0CD3-B72D-47B6-A68D-7590B98EB39B}
	EndGlobalSection
	GlobalSection(ExtensibilityGlobals) = postSolution
		SolutionGuid = {817F170F-C3EF-475B-AB7A-15EBE54A5627}
	EndGlobalSection
EndGlobal
